
Microsoft Visual Studio Solution File, Format Version 12.00
# Visual Studio Version 17
VisualStudioVersion = 17.5.33424.131
MinimumVisualStudioVersion = 10.0.40219.1
Project("{FAE04EC0-301F-11D3-BF4B-00C04F79EFBC}") = "BooksWebAPI", "BooksWebAPI\BooksWebAPI.csproj", "{1C13F1AE-05F6-495C-BA78-C97862B81723}"
EndProject
Project("{FAE04EC0-301F-11D3-BF4B-00C04F79EFBC}") = "Models", "Models\Models.csproj", "{912CC642-58B0-45DF-AFF2-9E41E2B2C214}"
EndProject
Global
	GlobalSection(SolutionConfigurationPlatforms) = preSolution
		Debug|Any CPU = Debug|Any CPU
		Release|Any CPU = Release|Any CPU
	EndGlobalSection
	GlobalSection(ProjectConfigurationPlatforms) = postSolution
		{1C13F1AE-05F6-495C-BA78-C97862B81723}.Debug|Any CPU.ActiveCfg = Debug|Any CPU
		{1C13F1AE-05F6-495C-BA78-C97862B81723}.Debug|Any CPU.Build.0 = Debug|Any CPU
		{1C13F1AE-05F6-495C-BA78-C97862B81723}.Release|Any CPU.ActiveCfg = Release|Any CPU
		{1C13F1AE-05F6-495C-BA78-C97862B81723}.Release|Any CPU.Build.0 = Release|Any CPU
		{912CC642-58B0-45DF-AFF2-9E41E2B2C214}.Debug|Any CPU.ActiveCfg = Debug|Any CPU
		{912CC642-58B0-45DF-AFF2-9E41E2B2C214}.Debug|Any CPU.Build.0 = Debug|Any CPU
		{912CC642-58B0-45DF-AFF2-9E41E2B2C214}.Release|Any CPU.ActiveCfg = Release|Any CPU
		{912CC642-58B0-45DF-AFF2-9E41E2B2C214}.Release|Any CPU.Build.0 = Release|Any CPU
	EndGlobalSection
	GlobalSection(SolutionProperties) = preSolution
		HideSolutionNode = FALSE
	EndGlobalSection
	GlobalSection(ExtensibilityGlobals) = postSolution
		SolutionGuid = {8B4B38F9-A65C-4F07-8264-51B0F3F94F6A}
	EndGlobalSection
EndGlobal
